
Microsoft Visual Studio Solution File, Format Version 12.00
# Visual Studio Version 17
VisualStudioVersion = 17.2.32505.173
MinimumVisualStudioVersion = 10.0.40219.1
Project("{FAE04EC0-301F-11D3-BF4B-00C04F79EFBC}") = "Week06Hw", "Week06Hw\Week06Hw.csproj", "{B6B99FFE-2A8E-4823-B5BE-A6EF569A14FA}"
EndProject
Global
	GlobalSection(SolutionConfigurationPlatforms) = preSolution
		Debug|Any CPU = Debug|Any CPU
		Release|Any CPU = Release|Any CPU
	EndGlobalSection
	GlobalSection(ProjectConfigurationPlatforms) = postSolution
		{B6B99FFE-2A8E-4823-B5BE-A6EF569A14FA}.Debug|Any CPU.ActiveCfg = Debug|Any CPU
		{B6B99FFE-2A8E-4823-B5BE-A6EF569A14FA}.Debug|Any CPU.Build.0 = Debug|Any CPU
		{B6B99FFE-2A8E-4823-B5BE-A6EF569A14FA}.Release|Any CPU.ActiveCfg = Release|Any CPU
		{B6B99FFE-2A8E-4823-B5BE-A6EF569A14FA}.Release|Any CPU.Build.0 = Release|Any CPU
	EndGlobalSection
	GlobalSection(SolutionProperties) = preSolution
		HideSolutionNode = FALSE
	EndGlobalSection
	GlobalSection(ExtensibilityGlobals) = postSolution
		SolutionGuid = {A03DF4A9-362A-46D0-B7B3-0094A681760F}
	EndGlobalSection
EndGlobal
